
Microsoft Visual Studio Solution File, Format Version 12.00
# Visual Studio Version 17
VisualStudioVersion = 17.0.31903.59
MinimumVisualStudioVersion = 10.0.40219.1
Project("{2150E333-8FDC-42A3-9474-1A3956D46DE8}") = "src", "src", "{827E0CD3-B72D-47B6-A68D-7590B98EB39B}"
EndProject
Project("{FAE04EC0-301F-11D3-BF4B-00C04F79EFBC}") = "Win32TaskDialog", "src\Win32TaskDialog\Win32TaskDialog.csproj", "{F6DD6944-96D2-497D-8436-58120E6B237E}"
EndProject
Project("{2150E333-8FDC-42A3-9474-1A3956D46DE8}") = "samples", "samples", "{5D20AA90-6969-D8BD-9DCD-8634F4692FDA}"
EndProject
Project("{FAE04EC0-301F-11D3-BF4B-00C04F79EFBC}") = "SampleApp", "samples\SampleApp\SampleApp.csproj", "{4C979F39-2ED7-4E56-8B9D-518E4103C9BE}"
EndProject
Project("{FAE04EC0-301F-11D3-BF4B-00C04F79EFBC}") = "AvaloniaSampleApp", "samples\AvaloniaSampleApp\AvaloniaSampleApp.csproj", "{2503F25F-3A5F-45F0-ACD1-56F45FA988D0}"
EndProject
Project("{2150E333-8FDC-42A3-9474-1A3956D46DE8}") = "tests", "tests", "{0AB3BF05-4346-4AA6-1389-037BE0695223}"
EndProject
Project("{FAE04EC0-301F-11D3-BF4B-00C04F79EFBC}") = "Smoke", "tests\Smoke\Smoke.csproj", "{77AB3F45-0E21-40F7-ABF4-96B3BE3289C6}"
EndProject
Project("{2150E333-8FDC-42A3-9474-1A3956D46DE8}") = "tools", "tools", "{07C2787E-EAC7-C090-1BA3-A61EC2A24D84}"
EndProject
Project("{FAE04EC0-301F-11D3-BF4B-00C04F79EFBC}") = "Probe", "tools\Probe\Probe.csproj", "{6B4A956B-C06B-4EB4-ABF1-9407E27520B1}"
EndProject
Project("{FAE04EC0-301F-11D3-BF4B-00C04F79EFBC}") = "Win32TaskDialog.Avalonia", "src\Win32TaskDialog.Avalonia\Win32TaskDialog.Avalonia.csproj", "{7847A122-44EF-4A54-9E4F-1710881E9C43}"
EndProject
Global
	GlobalSection(SolutionConfigurationPlatforms) = preSolution
		Debug|Any CPU = Debug|Any CPU
		Debug|x64 = Debug|x64
		Debug|x86 = Debug|x86
		Release|Any CPU = Release|Any CPU
		Release|x64 = Release|x64
		Release|x86 = Release|x86
	EndGlobalSection
	GlobalSection(ProjectConfigurationPlatforms) = postSolution
		{F6DD6944-96D2-497D-8436-58120E6B237E}.Debug|Any CPU.ActiveCfg = Debug|Any CPU
		{F6DD6944-96D2-497D-8436-58120E6B237E}.Debug|Any CPU.Build.0 = Debug|Any CPU
		{F6DD6944-96D2-497D-8436-58120E6B237E}.Debug|x64.ActiveCfg = Debug|Any CPU
		{F6DD6944-96D2-497D-8436-58120E6B237E}.Debug|x64.Build.0 = Debug|Any CPU
		{F6DD6944-96D2-497D-8436-58120E6B237E}.Debug|x86.ActiveCfg = Debug|Any CPU
		{F6DD6944-96D2-497D-8436-58120E6B237E}.Debug|x86.Build.0 = Debug|Any CPU
		{F6DD6944-96D2-497D-8436-58120E6B237E}.Release|Any CPU.ActiveCfg = Release|Any CPU
		{F6DD6944-96D2-497D-8436-58120E6B237E}.Release|Any CPU.Build.0 = Release|Any CPU
		{F6DD6944-96D2-497D-8436-58120E6B237E}.Release|x64.ActiveCfg = Release|Any CPU
		{F6DD6944-96D2-497D-8436-58120E6B237E}.Release|x64.Build.0 = Release|Any CPU
		{F6DD6944-96D2-497D-8436-58120E6B237E}.Release|x86.ActiveCfg = Release|Any CPU
		{F6DD6944-96D2-497D-8436-58120E6B237E}.Release|x86.Build.0 = Release|Any CPU
		{4C979F39-2ED7-4E56-8B9D-518E4103C9BE}.Debug|Any CPU.ActiveCfg = Debug|Any CPU
		{4C979F39-2ED7-4E56-8B9D-518E4103C9BE}.Debug|Any CPU.Build.0 = Debug|Any CPU
		{4C979F39-2ED7-4E56-8B9D-518E4103C9BE}.Debug|x64.ActiveCfg = Debug|Any CPU
		{4C979F39-2ED7-4E56-8B9D-518E4103C9BE}.Debug|x64.Build.0 = Debug|Any CPU
		{4C979F39-2ED7-4E56-8B9D-518E4103C9BE}.Debug|x86.ActiveCfg = Debug|Any CPU
		{4C979F39-2ED7-4E56-8B9D-518E4103C9BE}.Debug|x86.Build.0 = Debug|Any CPU
		{4C979F39-2ED7-4E56-8B9D-518E4103C9BE}.Release|Any CPU.ActiveCfg = Release|Any CPU
		{4C979F39-2ED7-4E56-8B9D-518E4103C9BE}.Release|Any CPU.Build.0 = Release|Any CPU
		{4C979F39-2ED7-4E56-8B9D-518E4103C9BE}.Release|x64.ActiveCfg = Release|Any CPU
		{4C979F39-2ED7-4E56-8B9D-518E4103C9BE}.Release|x64.Build.0 = Release|Any CPU
		{4C979F39-2ED7-4E56-8B9D-518E4103C9BE}.Release|x86.ActiveCfg = Release|Any CPU
		{4C979F39-2ED7-4E56-8B9D-518E4103C9BE}.Release|x86.Build.0 = Release|Any CPU
		{2503F25F-3A5F-45F0-ACD1-56F45FA988D0}.Debug|Any CPU.ActiveCfg = Debug|Any CPU
		{2503F25F-3A5F-45F0-ACD1-56F45FA988D0}.Debug|Any CPU.Build.0 = Debug|Any CPU
		{2503F25F-3A5F-45F0-ACD1-56F45FA988D0}.Debug|x64.ActiveCfg = Debug|Any CPU
		{2503F25F-3A5F-45F0-ACD1-56F45FA988D0}.Debug|x64.Build.0 = Debug|Any CPU
		{2503F25F-3A5F-45F0-ACD1-56F45FA988D0}.Debug|x86.ActiveCfg = Debug|Any CPU
		{2503F25F-3A5F-45F0-ACD1-56F45FA988D0}.Debug|x86.Build.0 = Debug|Any CPU
		{2503F25F-3A5F-45F0-ACD1-56F45FA988D0}.Release|Any CPU.ActiveCfg = Release|Any CPU
		{2503F25F-3A5F-45F0-ACD1-56F45FA988D0}.Release|Any CPU.Build.0 = Release|Any CPU
		{2503F25F-3A5F-45F0-ACD1-56F45FA988D0}.Release|x64.ActiveCfg = Release|Any CPU
		{2503F25F-3A5F-45F0-ACD1-56F45FA988D0}.Release|x64.Build.0 = Release|Any CPU
		{2503F25F-3A5F-45F0-ACD1-56F45FA988D0}.Release|x86.ActiveCfg = Release|Any CPU
		{2503F25F-3A5F-45F0-ACD1-56F45FA988D0}.Release|x86.Build.0 = Release|Any CPU
		{77AB3F45-0E21-40F7-ABF4-96B3BE3289C6}.Debug|Any CPU.ActiveCfg = Debug|Any CPU
		{77AB3F45-0E21-40F7-ABF4-96B3BE3289C6}.Debug|Any CPU.Build.0 = Debug|Any CPU
		{77AB3F45-0E21-40F7-ABF4-96B3BE3289C6}.Debug|x64.ActiveCfg = Debug|Any CPU
		{77AB3F45-0E21-40F7-ABF4-96B3BE3289C6}.Debug|x64.Build.0 = Debug|Any CPU
		{77AB3F45-0E21-40F7-ABF4-96B3BE3289C6}.Debug|x86.ActiveCfg = Debug|Any CPU
		{77AB3F45-0E21-40F7-ABF4-96B3BE3289C6}.Debug|x86.Build.0 = Debug|Any CPU
		{77AB3F45-0E21-40F7-ABF4-96B3BE3289C6}.Release|Any CPU.ActiveCfg = Release|Any CPU
		{77AB3F45-0E21-40F7-ABF4-96B3BE3289C6}.Release|Any CPU.Build.0 = Release|Any CPU
		{77AB3F45-0E21-40F7-ABF4-96B3BE3289C6}.Release|x64.ActiveCfg = Release|Any CPU
		{77AB3F45-0E21-40F7-ABF4-96B3BE3289C6}.Release|x64.Build.0 = Release|Any CPU
		{77AB3F45-0E21-40F7-ABF4-96B3BE3289C6}.Release|x86.ActiveCfg = Release|Any CPU
		{77AB3F45-0E21-40F7-ABF4-96B3BE3289C6}.Release|x86.Build.0 = Release|Any CPU
		{6B4A956B-C06B-4EB4-ABF1-9407E27520B1}.Debug|Any CPU.ActiveCfg = Debug|Any CPU
		{6B4A956B-C06B-4EB4-ABF1-9407E27520B1}.Debug|Any CPU.Build.0 = Debug|Any CPU
		{6B4A956B-C06B-4EB4-ABF1-9407E27520B1}.Debug|x64.ActiveCfg = Debug|Any CPU
		{6B4A956B-C06B-4EB4-ABF1-9407E27520B1}.Debug|x64.Build.0 = Debug|Any CPU
		{6B4A956B-C06B-4EB4-ABF1-9407E27520B1}.Debug|x86.ActiveCfg = Debug|Any CPU
		{6B4A956B-C06B-4EB4-ABF1-9407E27520B1}.Debug|x86.Build.0 = Debug|Any CPU
		{6B4A956B-C06B-4EB4-ABF1-9407E27520B1}.Release|Any CPU.ActiveCfg = Release|Any CPU
		{6B4A956B-C06B-4EB4-ABF1-9407E27520B1}.Release|Any CPU.Build.0 = Release|Any CPU
		{6B4A956B-C06B-4EB4-ABF1-9407E27520B1}.Release|x64.ActiveCfg = Release|Any CPU
		{6B4A956B-C06B-4EB4-ABF1-9407E27520B1}.Release|x64.Build.0 = Release|Any CPU
		{6B4A956B-C06B-4EB4-ABF1-9407E27520B1}.Release|x86.ActiveCfg = Release|Any CPU
		{6B4A956B-C06B-4EB4-ABF1-9407E27520B1}.Release|x86.Build.0 = Release|Any CPU
		{7847A122-44EF-4A54-9E4F-1710881E9C43}.Debug|Any CPU.ActiveCfg = Debug|Any CPU
		{7847A122-44EF-4A54-9E4F-1710881E9C43}.Debug|Any CPU.Build.0 = Debug|Any CPU
		{7847A122-44EF-4A54-9E4F-1710881E9C43}.Debug|x64.ActiveCfg = Debug|Any CPU
		{7847A122-44EF-4A54-9E4F-1710881E9C43}.Debug|x64.Build.0 = Debug|Any CPU
		{7847A122-44EF-4A54-9E4F-1710881E9C43}.Debug|x86.ActiveCfg = Debug|Any CPU
		{7847A122-44EF-4A54-9E4F-1710881E9C43}.Debug|x86.Build.0 = Debug|Any CPU
		{7847A122-44EF-4A54-9E4F-1710881E9C43}.Release|Any CPU.ActiveCfg = Release|Any CPU
		{7847A122-44EF-4A54-9E4F-1710881E9C43}.Release|Any CPU.Build.0 = Release|Any CPU
		{7847A122-44EF-4A54-9E4F-1710881E9C43}.Release|x64.ActiveCfg = Release|Any CPU
		{7847A122-44EF-4A54-9E4F-1710881E9C43}.Release|x64.Build.0 = Release|Any CPU
		{7847A122-44EF-4A54-9E4F-1710881E9C43}.Release|x86.ActiveCfg = Release|Any CPU
		{7847A122-44EF-4A54-9E4F-1710881E9C43}.Release|x86.Build.0 = Release|Any CPU
	EndGlobalSection
	GlobalSection(SolutionProperties) = preSolution
		HideSolutionNode = FALSE
	EndGlobalSection
	GlobalSection(NestedProjects) = preSolution
		{F6DD6944-96D2-497D-8436-58120E6B237E} = {827E0CD3-B72D-47B6-A68D-7590B98EB39B}
		{4C979F39-2ED7-4E56-8B9D-518E4103C9BE} = {5D20AA90-6969-D8BD-9DCD-8634F4692FDA}
		{2503F25F-3A5F-45F0-ACD1-56F45FA988D0} = {5D20AA90-6969-D8BD-9DCD-8634F4692FDA}
		{77AB3F45-0E21-40F7-ABF4-96B3BE3289C6} = {0AB3BF05-4346-4AA6-1389-037BE0695223}
		{6B4A956B-C06B-4EB4-ABF1-9407E27520B1} = {07C2787E-EAC7-C090-1BA3-A61EC2A24D84}
		{7847A122-44EF-4A54-9E4F-1710881E9C43} = {827E0CD3-B72D-47B6-A68D-7590B98EB39B}
	EndGlobalSection
EndGlobal
